version: 1
generated_at: 2026-06-15T13:14:54Z
internal: []
trusted:
  - action: actions/checkout
    refs:
      - ee0669bd1cc54295c223e0bb666b733df41de1c5
    occurrences:
      ee0669bd1cc54295c223e0bb666b733df41de1c5:
        .github/workflows/python-package.yml:
          - jobs.build.steps.[0].uses
        .github/workflows/test.yml:
          - jobs.test.steps.[0].uses
  - action: actions/setup-python
    refs:
      - e9aba2c848f5ebd159c070c61ea2c4e2b122355e
    occurrences:
      e9aba2c848f5ebd159c070c61ea2c4e2b122355e:
        .github/workflows/python-package.yml:
          - jobs.build.steps.[1].uses
        .github/workflows/test.yml:
          - jobs.test.steps.[1].uses
external: []
local: []
docker: []
dynamic: []
